{
  "requires": true,
  "lockfileVersion": 1,
  "dependencies": {
    "@types/gravatar": {
      "version": "1.8.0",
      "resolved": "https://registry.npmjs.org/@types/gravatar/-/gravatar-1.8.0.tgz",
      "integrity": "sha512-uCVqmU/Xf4h85QMd5DD5aTpRe37ess9hy/S9GW6omiJ1sR9ZAULO+gd3EWf4wKb6GJdUYe4WYD7zNhtgVzMG+g=="
    }
  }
}
